// !$*UTF8*$!
{
	archiveVersion = 1;
	classes = {
	};
	objectVersion = 56;
	objects = {

/* Begin PBXBuildFile section */
		6A6977622C3578EE0067DA31 /* AppDelegate.swift in Sources */ = {isa = PBXBuildFile; fileRef = 6A6977612C3578EE0067DA31 /* AppDelegate.swift */; };
		6A6977642C3578EE0067DA31 /* SceneDelegate.swift in Sources */ = {isa = PBXBuildFile; fileRef = 6A6977632C3578EE0067DA31 /* SceneDelegate.swift */; };
		6A6977662C3578EE0067DA31 /* ViewController.swift in Sources */ = {isa = PBXBuildFile; fileRef = 6A6977652C3578EE0067DA31 /* ViewController.swift */; };
		6A6977692C3578EE0067DA31 /* Base in Resources */ = {isa = PBXBuildFile; fileRef = 6A6977682C3578EE0067DA31 /* Base */; };
		6A69776B2C3578EF0067DA31 /* Assets.xcassets in Resources */ = {isa = PBXBuildFile; fileRef = 6A69776A2C3578EF0067DA31 /* Assets.xcassets */; };
		6A69776E2C3578EF0067DA31 /* Base in Resources */ = {isa = PBXBuildFile; fileRef = 6A69776D2C3578EF0067DA31 /* Base */; };
		6A6977792C3578EF0067DA31 /* Scroll_EffectsTests.swift in Sources */ = {isa = PBXBuildFile; fileRef = 6A6977782C3578EF0067DA31 /* Scroll_EffectsTests.swift */; };
		6A6977832C3578EF0067DA31 /* Scroll_EffectsUITests.swift in Sources */ = {isa = PBXBuildFile; fileRef = 6A6977822C3578EF0067DA31 /* Scroll_EffectsUITests.swift */; };
		6A6977852C3578EF0067DA31 /* Scroll_EffectsUITestsLaunchTests.swift in Sources */ = {isa = PBXBuildFile; fileRef = 6A6977842C3578EF0067DA31 /* Scroll_EffectsUITestsLaunchTests.swift */; };
/* End PBXBuildFile section */

/* Begin PBXContainerItemProxy section */
		6A6977752C3578EF0067DA31 /* PBXContainerItemProxy */ = {
			isa = PBXContainerItemProxy;
			containerPortal = 6A6977562C3578EE0067DA31 /* Project object */;
			proxyType = 1;
			remoteGlobalIDString = 6A69775D2C3578EE0067DA31;
			remoteInfo = "Scroll Effects";
		};
		6A69777F2C3578EF0067DA31 /* PBXContainerItemProxy */ = {
			isa = PBXContainerItemProxy;
			containerPortal = 6A6977562C3578EE0067DA31 /* Project object */;
			proxyType = 1;
			remoteGlobalIDString = 6A69775D2C3578EE0067DA31;
			remoteInfo = "Scroll Effects";
		};
/* End PBXContainerItemProxy section */

/* Begin PBXFileReference section */
		6A69775E2C3578EE0067DA31 /* Scroll Effects.app */ = {isa = PBXFileReference; explicitFileType = wrapper.application; includeInIndex = 0; path = "Scroll Effects.app"; sourceTree = BUILT_PRODUCTS_DIR; };
		6A6977612C3578EE0067DA31 /* AppDelegate.swift */ = {isa = PBXFileReference; lastKnownFileType = sourcecode.swift; path = AppDelegate.swift; sourceTree = "<group>"; };
		6A6977632C3578EE0067DA31 /* SceneDelegate.swift */ = {isa = PBXFileReference; lastKnownFileType = sourcecode.swift; path = SceneDelegate.swift; sourceTree = "<group>"; };
		6A6977652C3578EE0067DA31 /* ViewController.swift */ = {isa = PBXFileReference; lastKnownFileType = sourcecode.swift; path = ViewController.swift; sourceTree = "<group>"; };
		6A6977682C3578EE0067DA31 /* Base */ = {isa = PBXFileReference; lastKnownFileType = file.storyboard; name = Base; path = Base.lproj/Main.storyboard; sourceTree = "<group>"; };
		6A69776A2C3578EF0067DA31 /* Assets.xcassets */ = {isa = PBXFileReference; lastKnownFileType = folder.assetcatalog; path = Assets.xcassets; sourceTree = "<group>"; };
		6A69776D2C3578EF0067DA31 /* Base */ = {isa = PBXFileReference; lastKnownFileType = file.storyboard; name = Base; path = Base.lproj/LaunchScreen.storyboard; sourceTree = "<group>"; };
		6A69776F2C3578EF0067DA31 /* Info.plist */ = {isa = PBXFileReference; lastKnownFileType = text.plist.xml; path = Info.plist; sourceTree = "<group>"; };
		6A6977742C3578EF0067DA31 /* Scroll EffectsTests.xctest */ = {isa = PBXFileReference; explicitFileType = wrapper.cfbundle; includeInIndex = 0; path = "Scroll EffectsTests.xctest"; sourceTree = BUILT_PRODUCTS_DIR; };
		6A6977782C3578EF0067DA31 /* Scroll_EffectsTests.swift */ = {isa = PBXFileReference; lastKnownFileType = sourcecode.swift; path = Scroll_EffectsTests.swift; sourceTree = "<group>"; };
		6A69777E2C3578EF0067DA31 /* Scroll EffectsUITests.xctest */ = {isa = PBXFileReference; explicitFileType = wrapper.cfbundle; includeInIndex = 0; path = "Scroll EffectsUITests.xctest"; sourceTree = BUILT_PRODUCTS_DIR; };
		6A6977822C3578EF0067DA31 /* Scroll_EffectsUITests.swift */ = {isa = PBXFileReference; lastKnownFileType = sourcecode.swift; path = Scroll_EffectsUITests.swift; sourceTree = "<group>"; };
		6A6977842C3578EF0067DA31 /* Scroll_EffectsUITestsLaunchTests.swift */ = {isa = PBXFileReference; lastKnownFileType = sourcecode.swift; path = Scroll_EffectsUITestsLaunchTests.swift; sourceTree = "<group>"; };
/* End PBXFileReference section */

/* Begin PBXFrameworksBuildPhase section */
		6A69775B2C3578EE0067DA31 /* Frameworks */ = {
			isa = PBXFrameworksBuildPhase;
			buildActionMask = 2147483647;
			files = (
			);
			runOnlyForDeploymentPostprocessing = 0;
		};
		6A6977712C3578EF0067DA31 /* Frameworks */ = {
			isa = PBXFrameworksBuildPhase;
			buildActionMask = 2147483647;
			files = (
			);
			runOnlyForDeploymentPostprocessing = 0;
		};
		6A69777B2C3578EF0067DA31 /* Frameworks */ = {
			isa = PBXFrameworksBuildPhase;
			buildActionMask = 2147483647;
			files = (
			);
			runOnlyForDeploymentPostprocessing = 0;
		};
/* End PBXFrameworksBuildPhase section */

/* Begin PBXGroup section */
		6A6977552C3578EE0067DA31 = {
			isa = PBXGroup;
			children = (
				6A6977602C3578EE0067DA31 /* Scroll Effects */,
				6A6977772C3578EF0067DA31 /* Scroll EffectsTests */,
				6A6977812C3578EF0067DA31 /* Scroll EffectsUITests */,
				6A69775F2C3578EE0067DA31 /* Products */,
			);
			sourceTree = "<group>";
		};
		6A69775F2C3578EE0067DA31 /* Products */ = {
			isa = PBXGroup;
			children = (
				6A69775E2C3578EE0067DA31 /* Scroll Effects.app */,
				6A6977742C3578EF0067DA31 /* Scroll EffectsTests.xctest */,
				6A69777E2C3578EF0067DA31 /* Scroll EffectsUITests.xctest */,
			);
			name = Products;
			sourceTree = "<group>";
		};
		6A6977602C3578EE0067DA31 /* Scroll Effects */ = {
			isa = PBXGroup;
			children = (
				6A6977612C3578EE0067DA31 /* AppDelegate.swift */,
				6A6977632C3578EE0067DA31 /* SceneDelegate.swift */,
				6A6977652C3578EE0067DA31 /* ViewController.swift */,
				6A6977672C3578EE0067DA31 /* Main.storyboard */,
				6A69776A2C3578EF0067DA31 /* Assets.xcassets */,
				6A69776C2C3578EF0067DA31 /* LaunchScreen.storyboard */,
				6A69776F2C3578EF0067DA31 /* Info.plist */,
			);
			path = "Scroll Effects";
			sourceTree = "<group>";
		};
		6A6977772C3578EF0067DA31 /* Scroll EffectsTests */ = {
			isa = PBXGroup;
			children = (
				6A6977782C3578EF0067DA31 /* Scroll_EffectsTests.swift */,
			);
			path = "Scroll EffectsTests";
			sourceTree = "<group>";
		};
		6A6977812C3578EF0067DA31 /* Scroll EffectsUITests */ = {
			isa = PBXGroup;
			children = (
				6A6977822C3578EF0067DA31 /* Scroll_EffectsUITests.swift */,
				6A6977842C3578EF0067DA31 /* Scroll_EffectsUITestsLaunchTests.swift */,
			);
			path = "Scroll EffectsUITests";
			sourceTree = "<group>";
		};
/* End PBXGroup section */

/* Begin PBXNativeTarget section */
		6A69775D2C3578EE0067DA31 /* Scroll Effects */ = {
			isa = PBXNativeTarget;
			buildConfigurationList = 6A6977882C3578EF0067DA31 /* Build configuration list for PBXNativeTarget "Scroll Effects" */;
			buildPhases = (
				6A69775A2C3578EE0067DA31 /* Sources */,
				6A69775B2C3578EE0067DA31 /* Frameworks */,
				6A69775C2C3578EE0067DA31 /* Resources */,
			);
			buildRules = (
			);
			dependencies = (
			);
			name = "Scroll Effects";
			productName = "Scroll Effects";
			productReference = 6A69775E2C3578EE0067DA31 /* Scroll Effects.app */;
			productType = "com.apple.product-type.application";
		};
		6A6977732C3578EF0067DA31 /* Scroll EffectsTests */ = {
			isa = PBXNativeTarget;
			buildConfigurationList = 6A69778B2C3578EF0067DA31 /* Build configuration list for PBXNativeTarget "Scroll EffectsTests" */;
			buildPhases = (
				6A6977702C3578EF0067DA31 /* Sources */,
				6A6977712C3578EF0067DA31 /* Frameworks */,
				6A6977722C3578EF0067DA31 /* Resources */,
			);
			buildRules = (
			);
			dependencies = (
				6A6977762C3578EF0067DA31 /* PBXTargetDependency */,
			);
			name = "Scroll EffectsTests";
			productName = "Scroll EffectsTests";
			productReference = 6A6977742C3578EF0067DA31 /* Scroll EffectsTests.xctest */;
			productType = "com.apple.product-type.bundle.unit-test";
		};
		6A69777D2C3578EF0067DA31 /* Scroll EffectsUITests */ = {
			isa = PBXNativeTarget;
			buildConfigurationList = 6A69778E2C3578EF0067DA31 /* Build configuration list for PBXNativeTarget "Scroll EffectsUITests" */;
			buildPhases = (
				6A69777A2C3578EF0067DA31 /* Sources */,
				6A69777B2C3578EF0067DA31 /* Frameworks */,
				6A69777C2C3578EF0067DA31 /* Resources */,
			);
			buildRules = (
			);
			dependencies = (
				6A6977802C3578EF0067DA31 /* PBXTargetDependency */,
			);
			name = "Scroll EffectsUITests";
			productName = "Scroll EffectsUITests";
			productReference = 6A69777E2C3578EF0067DA31 /* Scroll EffectsUITests.xctest */;
			productType = "com.apple.product-type.bundle.ui-testing";
		};
/* End PBXNativeTarget section */

/* Begin PBXProject section */
		6A6977562C3578EE0067DA31 /* Project object */ = {
			isa = PBXProject;
			attributes = {
				BuildIndependentTargetsInParallel = 1;
				LastSwiftUpdateCheck = 1530;
				LastUpgradeCheck = 1530;
				TargetAttributes = {
					6A69775D2C3578EE0067DA31 = {
						CreatedOnToolsVersion = 15.3;
					};
					6A6977732C3578EF0067DA31 = {
						CreatedOnToolsVersion = 15.3;
						TestTargetID = 6A69775D2C3578EE0067DA31;
					};
					6A69777D2C3578EF0067DA31 = {
						CreatedOnToolsVersion = 15.3;
						TestTargetID = 6A69775D2C3578EE0067DA31;
					};
				};
			};
			buildConfigurationList = 6A6977592C3578EE0067DA31 /* Build configuration list for PBXProject "Scroll Effects" */;
			compatibilityVersion = "Xcode 14.0";
			developmentRegion = en;
			hasScannedForEncodings = 0;
			knownRegions = (
				en,
				Base,
			);
			mainGroup = 6A6977552C3578EE0067DA31;
			productRefGroup = 6A69775F2C3578EE0067DA31 /* Products */;
			projectDirPath = "";
			projectRoot = "";
			targets = (
				6A69775D2C3578EE0067DA31 /* Scroll Effects */,
				6A6977732C3578EF0067DA31 /* Scroll EffectsTests */,
				6A69777D2C3578EF0067DA31 /* Scroll EffectsUITests */,
			);
		};
/* End PBXProject section */

/* Begin PBXResourcesBuildPhase section */
		6A69775C2C3578EE0067DA31 /* Resources */ = {
			isa = PBXResourcesBuildPhase;
			buildActionMask = 2147483647;
			files = (
				6A69776B2C3578EF0067DA31 /* Assets.xcassets in Resources */,
				6A69776E2C3578EF0067DA31 /* Base in Resources */,
				6A6977692C3578EE0067DA31 /* Base in Resources */,
			);
			runOnlyForDeploymentPostprocessing = 0;
		};
		6A6977722C3578EF0067DA31 /* Resources */ = {
			isa = PBXResourcesBuildPhase;
			buildActionMask = 2147483647;
			files = (
			);
			runOnlyForDeploymentPostprocessing = 0;
		};
		6A69777C2C3578EF0067DA31 /* Resources */ = {
			isa = PBXResourcesBuildPhase;
			buildActionMask = 2147483647;
			files = (
			);
			runOnlyForDeploymentPostprocessing = 0;
		};
/* End PBXResourcesBuildPhase section */

/* Begin PBXSourcesBuildPhase section */
		6A69775A2C3578EE0067DA31 /* Sources */ = {
			isa = PBXSourcesBuildPhase;
			buildActionMask = 2147483647;
			files = (
				6A6977662C3578EE0067DA31 /* ViewController.swift in Sources */,
				6A6977622C3578EE0067DA31 /* AppDelegate.swift in Sources */,
				6A6977642C3578EE0067DA31 /* SceneDelegate.swift in Sources */,
			);
			runOnlyForDeploymentPostprocessing = 0;
		};
		6A6977702C3578EF0067DA31 /* Sources */ = {
			isa = PBXSourcesBuildPhase;
			buildActionMask = 2147483647;
			files = (
				6A6977792C3578EF0067DA31 /* Scroll_EffectsTests.swift in Sources */,
			);
			runOnlyForDeploymentPostprocessing = 0;
		};
		6A69777A2C3578EF0067DA31 /* Sources */ = {
			isa = PBXSourcesBuildPhase;
			buildActionMask = 2147483647;
			files = (
				6A6977852C3578EF0067DA31 /* Scroll_EffectsUITestsLaunchTests.swift in Sources */,
				6A6977832C3578EF0067DA31 /* Scroll_EffectsUITests.swift in Sources */,
			);
			runOnlyForDeploymentPostprocessing = 0;
		};
/* End PBXSourcesBuildPhase section */

/* Begin PBXTargetDependency section */
		6A6977762C3578EF0067DA31 /* PBXTargetDependency */ = {
			isa = PBXTargetDependency;
			target = 6A69775D2C3578EE0067DA31 /* Scroll Effects */;
			targetProxy = 6A6977752C3578EF0067DA31 /* PBXContainerItemProxy */;
		};
		6A6977802C3578EF0067DA31 /* PBXTargetDependency */ = {
			isa = PBXTargetDependency;
			target = 6A69775D2C3578EE0067DA31 /* Scroll Effects */;
			targetProxy = 6A69777F2C3578EF0067DA31 /* PBXContainerItemProxy */;
		};
/* End PBXTargetDependency section */

/* Begin PBXVariantGroup section */
		6A6977672C3578EE0067DA31 /* Main.storyboard */ = {
			isa = PBXVariantGroup;
			children = (
				6A6977682C3578EE0067DA31 /* Base */,
			);
			name = Main.storyboard;
			sourceTree = "<group>";
		};
		6A69776C2C3578EF0067DA31 /* LaunchScreen.storyboard */ = {
			isa = PBXVariantGroup;
			children = (
				6A69776D2C3578EF0067DA31 /* Base */,
			);
			name = LaunchScreen.storyboard;
			sourceTree = "<group>";
		};
/* End PBXVariantGroup section */

/* Begin XCBuildConfiguration section */
		6A6977862C3578EF0067DA31 /* Debug */ = {
			isa = XCBuildConfiguration;
			buildSettings = {
				ALWAYS_SEARCH_USER_PATHS = NO;
				ASSETCATALOG_COMPILER_GENERATE_SWIFT_ASSET_SYMBOL_EXTENSIONS = YES;
				CLANG_ANALYZER_NONNULL = YES;
				CLANG_ANALYZER_NUMBER_OBJECT_CONVERSION = YES_AGGRESSIVE;
				CLANG_CXX_LANGUAGE_STANDARD = "gnu++20";
				CLANG_ENABLE_MODULES = YES;
				CLANG_ENABLE_OBJC_ARC = YES;
				CLANG_ENABLE_OBJC_WEAK = YES;
				CLANG_WARN_BLOCK_CAPTURE_AUTORELEASING = YES;
				CLANG_WARN_BOOL_CONVERSION = YES;
				CLANG_WARN_COMMA = YES;
				CLANG_WARN_CONSTANT_CONVERSION = YES;
				CLANG_WARN_DEPRECATED_OBJC_IMPLEMENTATIONS = YES;
				CLANG_WARN_DIRECT_OBJC_ISA_USAGE = YES_ERROR;
				CLANG_WARN_DOCUMENTATION_COMMENTS = YES;
				CLANG_WARN_EMPTY_BODY = YES;
				CLANG_WARN_ENUM_CONVERSION = YES;
				CLANG_WARN_INFINITE_RECURSION = YES;
				CLANG_WARN_INT_CONVERSION = YES;
				CLANG_WARN_NON_LITERAL_NULL_CONVERSION = YES;
				CLANG_WARN_OBJC_IMPLICIT_RETAIN_SELF = YES;
				CLANG_WARN_OBJC_LITERAL_CONVERSION = YES;
				CLANG_WARN_OBJC_ROOT_CLASS = YES_ERROR;
				CLANG_WARN_QUOTED_INCLUDE_IN_FRAMEWORK_HEADER = YES;
				CLANG_WARN_RANGE_LOOP_ANALYSIS = YES;
				CLANG_WARN_STRICT_PROTOTYPES = YES;
				CLANG_WARN_SUSPICIOUS_MOVE = YES;
				CLANG_WARN_UNGUARDED_AVAILABILITY = YES_AGGRESSIVE;
				CLANG_WARN_UNREACHABLE_CODE = YES;
				CLANG_WARN__DUPLICATE_METHOD_MATCH = YES;
				COPY_PHASE_STRIP = NO;
				DEBUG_INFORMATION_FORMAT = dwarf;
				ENABLE_STRICT_OBJC_MSGSEND = YES;
				ENABLE_TESTABILITY = YES;
				ENABLE_USER_SCRIPT_SANDBOXING = YES;
				GCC_C_LANGUAGE_STANDARD = gnu17;
				GCC_DYNAMIC_NO_PIC = NO;
				GCC_NO_COMMON_BLOCKS = YES;
				GCC_OPTIMIZATION_LEVEL = 0;
				GCC_PREPROCESSOR_DEFINITIONS = (
					"DEBUG=1",
					"$(inherited)",
				);
				GCC_WARN_64_TO_32_BIT_CONVERSION = YES;
				GCC_WARN_ABOUT_RETURN_TYPE = YES_ERROR;
				GCC_WARN_UNDECLARED_SELECTOR = YES;
				GCC_WARN_UNINITIALIZED_AUTOS = YES_AGGRESSIVE;
				GCC_WARN_UNUSED_FUNCTION = YES;
				GCC_WARN_UNUSED_VARIABLE = YES;
				IPHONEOS_DEPLOYMENT_TARGET = 17.4;
				LOCALIZATION_PREFERS_STRING_CATALOGS = YES;
				MTL_ENABLE_DEBUG_INFO = INCLUDE_SOURCE;
				MTL_FAST_MATH = YES;
				ONLY_ACTIVE_ARCH = YES;
				SDKROOT = iphoneos;
				SWIFT_ACTIVE_COMPILATION_CONDITIONS = "DEBUG $(inherited)";
				SWIFT_OPTIMIZATION_LEVEL = "-Onone";
			};
			name = Debug;
		};
		6A6977872C3578EF0067DA31 /* Release */ = {
			isa = XCBuildConfiguration;
			buildSettings = {
				ALWAYS_SEARCH_USER_PATHS = NO;
				ASSETCATALOG_COMPILER_GENERATE_SWIFT_ASSET_SYMBOL_EXTENSIONS = YES;
				CLANG_ANALYZER_NONNULL = YES;
				CLANG_ANALYZER_NUMBER_OBJECT_CONVERSION = YES_AGGRESSIVE;
				CLANG_CXX_LANGUAGE_STANDARD = "gnu++20";
				CLANG_ENABLE_MODULES = YES;
				CLANG_ENABLE_OBJC_ARC = YES;
				CLANG_ENABLE_OBJC_WEAK = YES;
				CLANG_WARN_BLOCK_CAPTURE_AUTORELEASING = YES;
				CLANG_WARN_BOOL_CONVERSION = YES;
				CLANG_WARN_COMMA = YES;
				CLANG_WARN_CONSTANT_CONVERSION = YES;
				CLANG_WARN_DEPRECATED_OBJC_IMPLEMENTATIONS = YES;
				CLANG_WARN_DIRECT_OBJC_ISA_USAGE = YES_ERROR;
				CLANG_WARN_DOCUMENTATION_COMMENTS = YES;
				CLANG_WARN_EMPTY_BODY = YES;
				CLANG_WARN_ENUM_CONVERSION = YES;
				CLANG_WARN_INFINITE_RECURSION = YES;
				CLANG_WARN_INT_CONVERSION = YES;
				CLANG_WARN_NON_LITERAL_NULL_CONVERSION = YES;
				CLANG_WARN_OBJC_IMPLICIT_RETAIN_SELF = YES;
				CLANG_WARN_OBJC_LITERAL_CONVERSION = YES;
				CLANG_WARN_OBJC_ROOT_CLASS = YES_ERROR;
				CLANG_WARN_QUOTED_INCLUDE_IN_FRAMEWORK_HEADER = YES;
				CLANG_WARN_RANGE_LOOP_ANALYSIS = YES;
				CLANG_WARN_STRICT_PROTOTYPES = YES;
				CLANG_WARN_SUSPICIOUS_MOVE = YES;
				CLANG_WARN_UNGUARDED_AVAILABILITY = YES_AGGRESSIVE;
				CLANG_WARN_UNREACHABLE_CODE = YES;
				CLANG_WARN__DUPLICATE_METHOD_MATCH = YES;
				COPY_PHASE_STRIP = NO;
				DEBUG_INFORMATION_FORMAT = "dwarf-with-dsym";
				ENABLE_NS_ASSERTIONS = NO;
				ENABLE_STRICT_OBJC_MSGSEND = YES;
				ENABLE_USER_SCRIPT_SANDBOXING = YES;
				GCC_C_LANGUAGE_STANDARD = gnu17;
				GCC_NO_COMMON_BLOCKS = YES;
				GCC_WARN_64_TO_32_BIT_CONVERSION = YES;
				GCC_WARN_ABOUT_RETURN_TYPE = YES_ERROR;
				GCC_WARN_UNDECLARED_SELECTOR = YES;
				GCC_WARN_UNINITIALIZED_AUTOS = YES_AGGRESSIVE;
				GCC_WARN_UNUSED_FUNCTION = YES;
				GCC_WARN_UNUSED_VARIABLE = YES;
				IPHONEOS_DEPLOYMENT_TARGET = 17.4;
				LOCALIZATION_PREFERS_STRING_CATALOGS = YES;
				MTL_ENABLE_DEBUG_INFO = NO;
				MTL_FAST_MATH = YES;
				SDKROOT = iphoneos;
				SWIFT_COMPILATION_MODE = wholemodule;
				VALIDATE_PRODUCT = YES;
			};
			name = Release;
		};
		6A6977892C3578EF0067DA31 /* Debug */ = {
			isa = XCBuildConfiguration;
			buildSettings = {
				ASSETCATALOG_COMPILER_APPICON_NAME = AppIcon;
				ASSETCATALOG_COMPILER_GLOBAL_ACCENT_COLOR_NAME = AccentColor;
				CODE_SIGN_STYLE = Automatic;
				CURRENT_PROJECT_VERSION = 1;
				DEVELOPMENT_TEAM = 244RFX44WS;
				GENERATE_INFOPLIST_FILE = YES;
				INFOPLIST_FILE = "Scroll Effects/Info.plist";
				INFOPLIST_KEY_UIApplicationSupportsIndirectInputEvents = YES;
				INFOPLIST_KEY_UILaunchStoryboardName = LaunchScreen;
				INFOPLIST_KEY_UIMainStoryboardFile = Main;
				INFOPLIST_KEY_UISupportedInterfaceOrientations_iPad = "UIInterfaceOrientationPortrait UIInterfaceOrientationPortraitUpsideDown UIInterfaceOrientationLandscapeLeft UIInterfaceOrientationLandscapeRight";
				INFOPLIST_KEY_UISupportedInterfaceOrientations_iPhone = "UIInterfaceOrientationPortrait UIInterfaceOrientationLandscapeLeft UIInterfaceOrientationLandscapeRight";
				LD_RUNPATH_SEARCH_PATHS = (
					"$(inherited)",
					"@executable_path/Frameworks",
				);
				MARKETING_VERSION = 1.0;
				PRODUCT_BUNDLE_IDENTIFIER = "Saadet.Scroll-Effects";
				PRODUCT_NAME = "$(TARGET_NAME)";
				SWIFT_EMIT_LOC_STRINGS = YES;
				SWIFT_VERSION = 5.0;
				TARGETED_DEVICE_FAMILY = "1,2";
			};
			name = Debug;
		};
		6A69778A2C3578EF0067DA31 /* Release */ = {
			isa = XCBuildConfiguration;
			buildSettings = {
				ASSETCATALOG_COMPILER_APPICON_NAME = AppIcon;
				ASSETCATALOG_COMPILER_GLOBAL_ACCENT_COLOR_NAME = AccentColor;
				CODE_SIGN_STYLE = Automatic;
				CURRENT_PROJECT_VERSION = 1;
				DEVELOPMENT_TEAM = 244RFX44WS;
				GENERATE_INFOPLIST_FILE = YES;
				INFOPLIST_FILE = "Scroll Effects/Info.plist";
				INFOPLIST_KEY_UIApplicationSupportsIndirectInputEvents = YES;
				INFOPLIST_KEY_UILaunchStoryboardName = LaunchScreen;
				INFOPLIST_KEY_UIMainStoryboardFile = Main;
				INFOPLIST_KEY_UISupportedInterfaceOrientations_iPad = "UIInterfaceOrientationPortrait UIInterfaceOrientationPortraitUpsideDown UIInterfaceOrientationLandscapeLeft UIInterfaceOrientationLandscapeRight";
				INFOPLIST_KEY_UISupportedInterfaceOrientations_iPhone = "UIInterfaceOrientationPortrait UIInterfaceOrientationLandscapeLeft UIInterfaceOrientationLandscapeRight";
				LD_RUNPATH_SEARCH_PATHS = (
					"$(inherited)",
					"@executable_path/Frameworks",
				);
				MARKETING_VERSION = 1.0;
				PRODUCT_BUNDLE_IDENTIFIER = "Saadet.Scroll-Effects";
				PRODUCT_NAME = "$(TARGET_NAME)";
				SWIFT_EMIT_LOC_STRINGS = YES;
				SWIFT_VERSION = 5.0;
				TARGETED_DEVICE_FAMILY = "1,2";
			};
			name = Release;
		};
		6A69778C2C3578EF0067DA31 /* Debug */ = {
			isa = XCBuildConfiguration;
			buildSettings = {
				ALWAYS_EMBED_SWIFT_STANDARD_LIBRARIES = YES;
				BUNDLE_LOADER = "$(TEST_HOST)";
				CODE_SIGN_STYLE = Automatic;
				CURRENT_PROJECT_VERSION = 1;
				DEVELOPMENT_TEAM = 244RFX44WS;
				GENERATE_INFOPLIST_FILE = YES;
				IPHONEOS_DEPLOYMENT_TARGET = 17.4;
				MARKETING_VERSION = 1.0;
				PRODUCT_BUNDLE_IDENTIFIER = "Saadet.Scroll-EffectsTests";
				PRODUCT_NAME = "$(TARGET_NAME)";
				SWIFT_EMIT_LOC_STRINGS = NO;
				SWIFT_VERSION = 5.0;
				TARGETED_DEVICE_FAMILY = "1,2";
				TEST_HOST = "$(BUILT_PRODUCTS_DIR)/Scroll Effects.app/$(BUNDLE_EXECUTABLE_FOLDER_PATH)/Scroll Effects";
			};
			name = Debug;
		};
		6A69778D2C3578EF0067DA31 /* Release */ = {
			isa = XCBuildConfiguration;
			buildSettings = {
				ALWAYS_EMBED_SWIFT_STANDARD_LIBRARIES = YES;
				BUNDLE_LOADER = "$(TEST_HOST)";
				CODE_SIGN_STYLE = Automatic;
				CURRENT_PROJECT_VERSION = 1;
				DEVELOPMENT_TEAM = 244RFX44WS;
				GENERATE_INFOPLIST_FILE = YES;
				IPHONEOS_DEPLOYMENT_TARGET = 17.4;
				MARKETING_VERSION = 1.0;
				PRODUCT_BUNDLE_IDENTIFIER = "Saadet.Scroll-EffectsTests";
				PRODUCT_NAME = "$(TARGET_NAME)";
				SWIFT_EMIT_LOC_STRINGS = NO;
				SWIFT_VERSION = 5.0;
				TARGETED_DEVICE_FAMILY = "1,2";
				TEST_HOST = "$(BUILT_PRODUCTS_DIR)/Scroll Effects.app/$(BUNDLE_EXECUTABLE_FOLDER_PATH)/Scroll Effects";
			};
			name = Release;
		};
		6A69778F2C3578EF0067DA31 /* Debug */ = {
			isa = XCBuildConfiguration;
			buildSettings = {
				ALWAYS_EMBED_SWIFT_STANDARD_LIBRARIES = YES;
				CODE_SIGN_STYLE = Automatic;
				CURRENT_PROJECT_VERSION = 1;
				DEVELOPMENT_TEAM = 244RFX44WS;
				GENERATE_INFOPLIST_FILE = YES;
				MARKETING_VERSION = 1.0;
				PRODUCT_BUNDLE_IDENTIFIER = "Saadet.Scroll-EffectsUITests";
				PRODUCT_NAME = "$(TARGET_NAME)";
				SWIFT_EMIT_LOC_STRINGS = NO;
				SWIFT_VERSION = 5.0;
				TARGETED_DEVICE_FAMILY = "1,2";
				TEST_TARGET_NAME = "Scroll Effects";
			};
			name = Debug;
		};
		6A6977902C3578EF0067DA31 /* Release */ = {
			isa = XCBuildConfiguration;
			buildSettings = {
				ALWAYS_EMBED_SWIFT_STANDARD_LIBRARIES = YES;
				CODE_SIGN_STYLE = Automatic;
				CURRENT_PROJECT_VERSION = 1;
				DEVELOPMENT_TEAM = 244RFX44WS;
				GENERATE_INFOPLIST_FILE = YES;
				MARKETING_VERSION = 1.0;
				PRODUCT_BUNDLE_IDENTIFIER = "Saadet.Scroll-EffectsUITests";
				PRODUCT_NAME = "$(TARGET_NAME)";
				SWIFT_EMIT_LOC_STRINGS = NO;
				SWIFT_VERSION = 5.0;
				TARGETED_DEVICE_FAMILY = "1,2";
				TEST_TARGET_NAME = "Scroll Effects";
			};
			name = Release;
		};
/* End XCBuildConfiguration section */

/* Begin XCConfigurationList section */
		6A6977592C3578EE0067DA31 /* Build configuration list for PBXProject "Scroll Effects" */ = {
			isa = XCConfigurationList;
			buildConfigurations = (
				6A6977862C3578EF0067DA31 /* Debug */,
				6A6977872C3578EF0067DA31 /* Release */,
			);
			defaultConfigurationIsVisible = 0;
			defaultConfigurationName = Release;
		};
		6A6977882C3578EF0067DA31 /* Build configuration list for PBXNativeTarget "Scroll Effects" */ = {
			isa = XCConfigurationList;
			buildConfigurations = (
				6A6977892C3578EF0067DA31 /* Debug */,
				6A69778A2C3578EF0067DA31 /* Release */,
			);
			defaultConfigurationIsVisible = 0;
			defaultConfigurationName = Release;
		};
		6A69778B2C3578EF0067DA31 /* Build configuration list for PBXNativeTarget "Scroll EffectsTests" */ = {
			isa = XCConfigurationList;
			buildConfigurations = (
				6A69778C2C3578EF0067DA31 /* Debug */,
				6A69778D2C3578EF0067DA31 /* Release */,
			);
			defaultConfigurationIsVisible = 0;
			defaultConfigurationName = Release;
		};
		6A69778E2C3578EF0067DA31 /* Build configuration list for PBXNativeTarget "Scroll EffectsUITests" */ = {
			isa = XCConfigurationList;
			buildConfigurations = (
				6A69778F2C3578EF0067DA31 /* Debug */,
				6A6977902C3578EF0067DA31 /* Release */,
			);
			defaultConfigurationIsVisible = 0;
			defaultConfigurationName = Release;
		};
/* End XCConfigurationList section */
	};
	rootObject = 6A6977562C3578EE0067DA31 /* Project object */;
}
